# This file is automatically @generated by Cargo.
# It is not intended for manual editing.
version = 4

[[package]]
name = "ducksmiles_inchi"
version = "0.3.0"

[[package]]
name = "ducksmiles_mol"
version = "0.3.0"

[[package]]
name = "ducksmiles_pdb"
version = "0.3.0"

[[package]]
name = "ducksmiles_selfies"
version = "0.3.0"

[[package]]
name = "ducksmiles_smiles"
version = "0.3.0"
